{
  "dependencies": {
    "@dimforge/rapier3d-compat": {
      "dev": true,
      "integrity": "sha512-uekIGetywIgopfD97oDL5PfeezkFpNhwlzlaEYNOA0N6ghdsOvh/HYjSMek5Q2O1PYvRSDFcqFVJl4r4ZBwOow==",
      "resolved": "https://registry.npmjs.org/@dimforge/rapier3d-compat/-/rapier3d-compat-0.12.0.tgz",
      "version": "0.12.0"
    },
    "@tweenjs/tween.js": {
      "dev": true,
      "integrity": "sha512-vJmvvwFxYuGnF2axRtPYocag6Clbb5YS7kLL+SO/TeVFzHqDIWrNKYtcsPMibjDx9O+bu+psAy9NKfWklassUA==",
      "resolved": "https://registry.npmjs.org/@tweenjs/tween.js/-/tween.js-23.1.3.tgz",
      "version": "23.1.3"
    },
    "@types/node": {
      "dev": true,
      "integrity": "sha512-aPTXCrfwnDLj4VvXrm+UUCQjNEvJgNA8s5F1cvwQU+3KNltTOkBm1j30uNLyqqPNe7gE3KFzImYoZEfLhp4Yow==",
      "requires": {
        "undici-types": "~7.10.0"
      },
      "resolved": "https://registry.npmjs.org/@types/node/-/node-24.3.0.tgz",
      "version": "24.3.0"
    },
    "@types/stats.js": {
      "dev": true,
      "integrity": "sha512-jIBvWWShCvlBqBNIZt0KAshWpvSjhkwkEu4ZUcASoAvhmrgAUI2t1dXrjSL4xXVLB4FznPrIsX3nKXFl/Dt4vA==",
      "resolved": "https://registry.npmjs.org/@types/stats.js/-/stats.js-0.17.4.tgz",
      "version": "0.17.4"
    },
    "@types/three": {
      "dev": true,
      "integrity": "sha512-VgbFG2Pgsm84BqdegZzr7w2aKbQxmgzIu4Dy7/75ygiD/0P68LKmp5ie08KMPNqGTQwIge8s6D1guZf1RnZE0A==",
      "requires": {
        "@dimforge/rapier3d-compat": "~0.12.0",
        "@tweenjs/tween.js": "~23.1.3",
        "@types/stats.js": "*",
        "@types/webxr": "*",
        "@webgpu/types": "*",
        "fflate": "~0.8.2",
        "meshoptimizer": "~0.22.0"
      },
      "resolved": "https://registry.npmjs.org/@types/three/-/three-0.179.0.tgz",
      "version": "0.179.0"
    },
    "@types/webxr": {
      "dev": true,
      "integrity": "sha512-Vr6Stjv5jPRqH690f5I5GLjVk8GSsoQSYJ2FVd/3jJF7KaqfwPi3ehfBS96mlQ2kPCwZaX6U0rG2+NGHBKkA/A==",
      "resolved": "https://registry.npmjs.org/@types/webxr/-/webxr-0.5.22.tgz",
      "version": "0.5.22"
    },
    "@webgpu/types": {
      "dev": true,
      "integrity": "sha512-84kRIAGV46LJTlJZWxShiOrNL30A+9KokD7RB3dRCIqODFjodS5tCD5yyiZ8kIReGVZSDfA3XkkwyyOIF6K62A==",
      "resolved": "https://registry.npmjs.org/@webgpu/types/-/types-0.1.64.tgz",
      "version": "0.1.64"
    },
    "abbrev": {
      "dev": true,
      "integrity": "sha512-nne9/IiQ/hzIhY6pdDnbBtz7DjPTKrY00P/zvPSm5pOFkl6xuGrGnXn/VtTNNfNtAfZ9/1RtehkszU9qcTii0Q==",
      "resolved": "https://registry.npmjs.org/abbrev/-/abbrev-1.1.1.tgz",
      "version": "1.1.1"
    },
    "anymatch": {
      "dev": true,
      "integrity": "sha512-P43ePfOAIupkguHUycrc4qJ9kz8ZiuOUijaETwX7THt0Y/GNK7v0aa8rY816xWjZ7rJdA5XdMcpVFTKMq+RvWg==",
      "requires": {
        "normalize-path": "^3.0.0",
        "picomatch": "^2.0.4"
      },
      "resolved": "https://registry.npmjs.org/anymatch/-/anymatch-3.1.2.tgz",
      "version": "3.1.2"
    },
    "balanced-match": {
      "dev": true,
      "integrity": "sha512-3oSeUO0TMV67hN1AmbXsK4yaqU7tjiHlbxRDZOpH0KW9+CeX4bRAaX0Anxt0tx2MrpRpWwQaPwIlISEJhYU5Pw==",
      "resolved": "https://registry.npmjs.org/balanced-match/-/balanced-match-1.0.2.tgz",
      "version": "1.0.2"
    },
    "binary-extensions": {
      "dev": true,
      "integrity": "sha512-jDctJ/IVQbZoJykoeHbhXpOlNBqGNcwXJKJog42E5HDPUwQTSdjCHdihjj0DlnheQ7blbT6dHOafNAiS8ooQKA==",
      "resolved": "https://registry.npmjs.org/binary-extensions/-/binary-extensions-2.2.0.tgz",
      "version": "2.2.0"
    },
    "brace-expansion": {
      "dev": true,
      "integrity": "sha512-9T9UjW3r0UW5c1Q7GTwllptXwhvYmEzFhzMfZ9H7FQWt+uZePjZPjBP/W1ZEyZ1twGWom5/56TF4lPcqjnDHcg==",
      "requires": {
        "balanced-match": "^1.0.0",
        "concat-map": "0.0.1"
      },
      "resolved": "https://registry.npmjs.org/brace-expansion/-/brace-expansion-1.1.12.tgz",
      "version": "1.1.12"
    },
    "braces": {
      "dev": true,
      "integrity": "sha512-yQbXgO/OSZVD2IsiLlro+7Hf6Q18EJrKSEsdoMzKePKXct3gvD8oLcOQdIzGupr5Fj+EDe8gO/lxc1BzfMpxvA==",
      "requires": {
        "fill-range": "^7.1.1"
      },
      "resolved": "https://registry.npmjs.org/braces/-/braces-3.0.3.tgz",
      "version": "3.0.3"
    },
    "chokidar": {
      "dev": true,
      "integrity": "sha512-Dr3sfKRP6oTcjf2JmUmFJfeVMvXBdegxB0iVQ5eb2V10uFJUCAS8OByZdVAyVb8xXNz3GjjTgj9kLWsZTqE6kw==",
      "requires": {
        "anymatch": "~3.1.2",
        "braces": "~3.0.2",
        "fsevents": "~2.3.2",
        "glob-parent": "~5.1.2",
        "is-binary-path": "~2.1.0",
        "is-glob": "~4.0.1",
        "normalize-path": "~3.0.0",
        "readdirp": "~3.6.0"
      },
      "resolved": "https://registry.npmjs.org/chokidar/-/chokidar-3.5.3.tgz",
      "version": "3.5.3"
    },
    "concat-map": {
      "dev": true,
      "integrity": "sha512-/Srv4dswyQNBfohGpz9o6Yb3Gz3SrUDqBH5rTuhGR7ahtlbYKnVxw2bCFMRljaA7EXHaXZ8wsHdodFvbkhKmqg==",
      "resolved": "https://registry.npmjs.org/concat-map/-/concat-map-0.0.1.tgz",
      "version": "0.0.1"
    },
    "debug": {
      "dev": true,
      "integrity": "sha512-KcKCqiftBJcZr++7ykoDIEwSa3XWowTfNPo92BYxjXiyYEVrUQh2aLyhxBCwww+heortUFxEJYcRzosstTEBYQ==",
      "requires": {
        "ms": "^2.1.3"
      },
      "resolved": "https://registry.npmjs.org/debug/-/debug-4.4.1.tgz",
      "version": "4.4.1"
    },
    "fflate": {
      "dev": true,
      "integrity": "sha512-cPJU47OaAoCbg0pBvzsgpTPhmhqI5eJjh/JIu8tPj5q+T7iLvW/JAYUqmE7KOB4R1ZyEhzBaIQpQpardBF5z8A==",
      "resolved": "https://registry.npmjs.org/fflate/-/fflate-0.8.2.tgz",
      "version": "0.8.2"
    },
    "fill-range": {
      "dev": true,
      "integrity": "sha512-YsGpe3WHLK8ZYi4tWDg2Jy3ebRz2rXowDxnld4bkQB00cc/1Zw9AWnC0i9ztDJitivtQvaI9KaLyKrc+hBW0yg==",
      "requires": {
        "to-regex-range": "^5.0.1"
      },
      "resolved": "https://registry.npmjs.org/fill-range/-/fill-range-7.1.1.tgz",
      "version": "7.1.1"
    },
    "fsevents": {
      "dev": true,
      "integrity": "sha512-xiqMQR4xAeHTuB9uWm+fFRcIOgKBMiOBP+eXiyT7jsgVCq1bkVygt00oASowB7EdtpOHaaPgKt812P9ab+DDKA==",
      "optional": true,
      "resolved": "https://registry.npmjs.org/fsevents/-/fsevents-2.3.2.tgz",
      "version": "2.3.2"
    },
    "glob-parent": {
      "dev": true,
      "integrity": "sha512-AOIgSQCepiJYwP3ARnGx+5VnTu2HBYdzbGP45eLw1vr3zB3vZLeyed1sC9hnbcOc9/SrMyM5RPQrkGz4aS9Zow==",
      "requires": {
        "is-glob": "^4.0.1"
      },
      "resolved": "https://registry.npmjs.org/glob-parent/-/glob-parent-5.1.2.tgz",
      "version": "5.1.2"
    },
    "has-flag": {
      "dev": true,
      "integrity": "sha512-sKJf1+ceQBr4SMkvQnBDNDtf4TXpVhVGateu0t918bl30FnbE2m4vNLX+VWe/dpjlb+HugGYzW7uQXH98HPEYw==",
      "resolved": "https://registry.npmjs.org/has-flag/-/has-flag-3.0.0.tgz",
      "version": "3.0.0"
    },
    "ignore-by-default": {
      "dev": true,
      "integrity": "sha512-Ius2VYcGNk7T90CppJqcIkS5ooHUZyIQK+ClZfMfMNFEF9VSE73Fq+906u/CWu92x4gzZMWOwfFYckPObzdEbA==",
      "resolved": "https://registry.npmjs.org/ignore-by-default/-/ignore-by-default-1.0.1.tgz",
      "version": "1.0.1"
    },
    "is-binary-path": {
      "dev": true,
      "integrity": "sha512-ZMERYes6pDydyuGidse7OsHxtbI7WVeUEozgR/g7rd0xUimYNlvZRE/K2MgZTjWy725IfelLeVcEM97mmtRGXw==",
      "requires": {
        "binary-extensions": "^2.0.0"
      },
      "resolved": "https://registry.npmjs.org/is-binary-path/-/is-binary-path-2.1.0.tgz",
      "version": "2.1.0"
    },
    "is-extglob": {
      "dev": true,
      "integrity": "sha512-SbKbANkN603Vi4jEZv49LeVJMn4yGwsbzZworEoyEiutsN3nJYdbO36zfhGJ6QEDpOZIFkDtnq5JRxmvl3jsoQ==",
      "resolved": "https://registry.npmjs.org/is-extglob/-/is-extglob-2.1.1.tgz",
      "version": "2.1.1"
    },
    "is-glob": {
      "dev": true,
      "integrity": "sha512-xelSayHH36ZgE7ZWhli7pW34hNbNl8Ojv5KVmkJD4hBdD3th8Tfk9vYasLM+mXWOZhFkgZfxhLSnrwRr4elSSg==",
      "requires": {
        "is-extglob": "^2.1.1"
      },
      "resolved": "https://registry.npmjs.org/is-glob/-/is-glob-4.0.3.tgz",
      "version": "4.0.3"
    },
    "is-number": {
      "dev": true,
      "integrity": "sha512-41Cifkg6e8TylSpdtTpeLVMqvSBEVzTttHvERD741+pnZ8ANv0004MRL43QKPDlK9cGvNp6NZWZUBlbGXYxxng==",
      "resolved": "https://registry.npmjs.org/is-number/-/is-number-7.0.0.tgz",
      "version": "7.0.0"
    },
    "meshoptimizer": {
      "dev": true,
      "integrity": "sha512-IebiK79sqIy+E4EgOr+CAw+Ke8hAspXKzBd0JdgEmPHiAwmvEj2S4h1rfvo+o/BnfEYd/jAOg5IeeIjzlzSnDg==",
      "resolved": "https://registry.npmjs.org/meshoptimizer/-/meshoptimizer-0.22.0.tgz",
      "version": "0.22.0"
    },
    "minimatch": {
      "dev": true,
      "integrity": "sha512-J7p63hRiAjw1NDEww1W7i37+ByIrOWO5XQQAzZ3VOcL0PNybwpfmV/N05zFAzwQ9USyEcX6t3UO+K5aqBQOIHw==",
      "requires": {
        "brace-expansion": "^1.1.7"
      },
      "resolved": "https://registry.npmjs.org/minimatch/-/minimatch-3.1.2.tgz",
      "version": "3.1.2"
    },
    "ms": {
      "dev": true,
      "integrity": "sha512-6FlzubTLZG3J2a/NVCAleEhjzq5oxgHyaCU9yYXvcLsvoVaHJq/s5xXI6/XXP6tz7R9xAOtHnSO/tXtF3WRTlA==",
      "resolved": "https://registry.npmjs.org/ms/-/ms-2.1.3.tgz",
      "version": "2.1.3"
    },
    "nodemon": {
      "dev": true,
      "integrity": "sha512-WDjw3pJ0/0jMFmyNDp3gvY2YizjLmmOUQo6DEBY+JgdvW/yQ9mEeSw6H5ythl5Ny2ytb7f9C2nIbjSxMNzbJXw==",
      "requires": {
        "chokidar": "^3.5.2",
        "debug": "^4",
        "ignore-by-default": "^1.0.1",
        "minimatch": "^3.1.2",
        "pstree.remy": "^1.1.8",
        "semver": "^7.5.3",
        "simple-update-notifier": "^2.0.0",
        "supports-color": "^5.5.0",
        "touch": "^3.1.0",
        "undefsafe": "^2.0.5"
      },
      "resolved": "https://registry.npmjs.org/nodemon/-/nodemon-3.1.10.tgz",
      "version": "3.1.10"
    },
    "nopt": {
      "dev": true,
      "integrity": "sha512-NWmpvLSqUrgrAC9HCuxEvb+PSloHpqVu+FqcO4eeF2h5qYRhA7ev6KvelyQAKtegUbC6RypJnlEOhd8vloNKYg==",
      "requires": {
        "abbrev": "1"
      },
      "resolved": "https://registry.npmjs.org/nopt/-/nopt-1.0.10.tgz",
      "version": "1.0.10"
    },
    "normalize-path": {
      "dev": true,
      "integrity": "sha512-6eZs5Ls3WtCisHWp9S2GUy8dqkpGi4BVSz3GaqiE6ezub0512ESztXUwUB6C6IKbQkY2Pnb/mD4WYojCRwcwLA==",
      "resolved": "https://registry.npmjs.org/normalize-path/-/normalize-path-3.0.0.tgz",
      "version": "3.0.0"
    },
    "picomatch": {
      "dev": true,
      "integrity": "sha512-JU3teHTNjmE2VCGFzuY8EXzCDVwEqB2a8fsIvwaStHhAWJEeVd1o1QD80CU6+ZdEXXSLbSsuLwJjkCBWqRQUVA==",
      "resolved": "https://registry.npmjs.org/picomatch/-/picomatch-2.3.1.tgz",
      "version": "2.3.1"
    },
    "pstree.remy": {
      "dev": true,
      "integrity": "sha512-77DZwxQmxKnu3aR542U+X8FypNzbfJ+C5XQDk3uWjWxn6151aIMGthWYRXTqT1E5oJvg+ljaa2OJi+VfvCOQ8w==",
      "resolved": "https://registry.npmjs.org/pstree.remy/-/pstree.remy-1.1.8.tgz",
      "version": "1.1.8"
    },
    "readdirp": {
      "dev": true,
      "integrity": "sha512-hOS089on8RduqdbhvQ5Z37A0ESjsqz6qnRcffsMU3495FuTdqSm+7bhJ29JvIOsBDEEnan5DPu9t3To9VRlMzA==",
      "requires": {
        "picomatch": "^2.2.1"
      },
      "resolved": "https://registry.npmjs.org/readdirp/-/readdirp-3.6.0.tgz",
      "version": "3.6.0"
    },
    "semver": {
      "dev": true,
      "integrity": "sha512-RF0Fw+rO5AMf9MAyaRXI4AV0Ulj5lMHqVxxdSgiVbixSCXoEmmX/jk0CuJw4+3SqroYO9VoUh+HcuJivvtJemA==",
      "resolved": "https://registry.npmjs.org/semver/-/semver-7.7.2.tgz",
      "version": "7.7.2"
    },
    "simple-update-notifier": {
      "dev": true,
      "integrity": "sha512-a2B9Y0KlNXl9u/vsW6sTIu9vGEpfKu2wRV6l1H3XEas/0gUIzGzBoP/IouTcUQbm9JWZLH3COxyn03TYlFax6w==",
      "requires": {
        "semver": "^7.5.3"
      },
      "resolved": "https://registry.npmjs.org/simple-update-notifier/-/simple-update-notifier-2.0.0.tgz",
      "version": "2.0.0"
    },
    "supports-color": {
      "dev": true,
      "integrity": "sha512-QjVjwdXIt408MIiAqCX4oUKsgU2EqAGzs2Ppkm4aQYbjm+ZEWEcW4SfFNTr4uMNZma0ey4f5lgLrkB0aX0QMow==",
      "requires": {
        "has-flag": "^3.0.0"
      },
      "resolved": "https://registry.npmjs.org/supports-color/-/supports-color-5.5.0.tgz",
      "version": "5.5.0"
    },
    "three": {
      "integrity": "sha512-R8AXPuqfjfRJKkYoTQcTK7A6i3AdO9++2n8ubya/GTU+fEHhYKu1ZooRSCPkx69jbnzT7dD/xEo6eROQTt2lJw==",
      "resolved": "https://registry.npmjs.org/three/-/three-0.144.0.tgz",
      "version": "0.144.0"
    },
    "to-regex-range": {
      "dev": true,
      "integrity": "sha512-65P7iz6X5yEr1cwcgvQxbbIw7Uk3gOy5dIdtZ4rDveLqhrdJP+Li/Hx6tyK0NEb+2GCyneCMJiGqrADCSNk8sQ==",
      "requires": {
        "is-number": "^7.0.0"
      },
      "resolved": "https://registry.npmjs.org/to-regex-range/-/to-regex-range-5.0.1.tgz",
      "version": "5.0.1"
    },
    "touch": {
      "dev": true,
      "integrity": "sha512-WBx8Uy5TLtOSRtIq+M03/sKDrXCLHxwDcquSP2c43Le03/9serjQBIztjRz6FkJez9D/hleyAXTBGLwwZUw9lA==",
      "requires": {
        "nopt": "~1.0.10"
      },
      "resolved": "https://registry.npmjs.org/touch/-/touch-3.1.0.tgz",
      "version": "3.1.0"
    },
    "typescript": {
      "dev": true,
      "integrity": "sha512-CWBzXQrc/qOkhidw1OzBTQuYRbfyxDXJMVJ1XNwUHGROVmuaeiEm3OslpZ1RV96d7SKKjZKrSJu3+t/xlw3R9A==",
      "resolved": "https://registry.npmjs.org/typescript/-/typescript-5.9.2.tgz",
      "version": "5.9.2"
    },
    "undefsafe": {
      "dev": true,
      "integrity": "sha512-WxONCrssBM8TSPRqN5EmsjVrsv4A8X12J4ArBiiayv3DyyG3ZlIg6yysuuSYdZsVz3TKcTg2fd//Ujd4CHV1iA==",
      "resolved": "https://registry.npmjs.org/undefsafe/-/undefsafe-2.0.5.tgz",
      "version": "2.0.5"
    },
    "undici-types": {
      "dev": true,
      "integrity": "sha512-t5Fy/nfn+14LuOc2KNYg75vZqClpAiqscVvMygNnlsHBFpSXdJaYtXMcdNLpl/Qvc3P2cB3s6lOV51nqsFq4ag==",
      "resolved": "https://registry.npmjs.org/undici-types/-/undici-types-7.10.0.tgz",
      "version": "7.10.0"
    }
  },
  "lockfileVersion": 2,
  "name": "md.js",
  "packages": {
    "": {
      "dependencies": {
        "three": "^0.144.0"
      },
      "devDependencies": {
        "@types/node": "^24.3.0",
        "@types/three": "^0.179.0",
        "nodemon": "^3.1.10",
        "typescript": "^5.9.2"
      },
      "license": "ISC",
      "name": "md.js",
      "version": "1.0.0"
    },
    "node_modules/@dimforge/rapier3d-compat": {
      "dev": true,
      "integrity": "sha512-uekIGetywIgopfD97oDL5PfeezkFpNhwlzlaEYNOA0N6ghdsOvh/HYjSMek5Q2O1PYvRSDFcqFVJl4r4ZBwOow==",
      "license": "Apache-2.0",
      "resolved": "https://registry.npmjs.org/@dimforge/rapier3d-compat/-/rapier3d-compat-0.12.0.tgz",
      "version": "0.12.0"
    },
    "node_modules/@tweenjs/tween.js": {
      "dev": true,
      "integrity": "sha512-vJmvvwFxYuGnF2axRtPYocag6Clbb5YS7kLL+SO/TeVFzHqDIWrNKYtcsPMibjDx9O+bu+psAy9NKfWklassUA==",
      "license": "MIT",
      "resolved": "https://registry.npmjs.org/@tweenjs/tween.js/-/tween.js-23.1.3.tgz",
      "version": "23.1.3"
    },
    "node_modules/@types/node": {
      "dependencies": {
        "undici-types": "~7.10.0"
      },
      "dev": true,
      "integrity": "sha512-aPTXCrfwnDLj4VvXrm+UUCQjNEvJgNA8s5F1cvwQU+3KNltTOkBm1j30uNLyqqPNe7gE3KFzImYoZEfLhp4Yow==",
      "license": "MIT",
      "resolved": "https://registry.npmjs.org/@types/node/-/node-24.3.0.tgz",
      "version": "24.3.0"
    },
    "node_modules/@types/stats.js": {
      "dev": true,
      "integrity": "sha512-jIBvWWShCvlBqBNIZt0KAshWpvSjhkwkEu4ZUcASoAvhmrgAUI2t1dXrjSL4xXVLB4FznPrIsX3nKXFl/Dt4vA==",
      "license": "MIT",
      "resolved": "https://registry.npmjs.org/@types/stats.js/-/stats.js-0.17.4.tgz",
      "version": "0.17.4"
    },
    "node_modules/@types/three": {
      "dependencies": {
        "@dimforge/rapier3d-compat": "~0.12.0",
        "@tweenjs/tween.js": "~23.1.3",
        "@types/stats.js": "*",
        "@types/webxr": "*",
        "@webgpu/types": "*",
        "fflate": "~0.8.2",
        "meshoptimizer": "~0.22.0"
      },
      "dev": true,
      "integrity": "sha512-VgbFG2Pgsm84BqdegZzr7w2aKbQxmgzIu4Dy7/75ygiD/0P68LKmp5ie08KMPNqGTQwIge8s6D1guZf1RnZE0A==",
      "license": "MIT",
      "resolved": "https://registry.npmjs.org/@types/three/-/three-0.179.0.tgz",
      "version": "0.179.0"
    },
    "node_modules/@types/webxr": {
      "dev": true,
      "integrity": "sha512-Vr6Stjv5jPRqH690f5I5GLjVk8GSsoQSYJ2FVd/3jJF7KaqfwPi3ehfBS96mlQ2kPCwZaX6U0rG2+NGHBKkA/A==",
      "license": "MIT",
      "resolved": "https://registry.npmjs.org/@types/webxr/-/webxr-0.5.22.tgz",
      "version": "0.5.22"
    },
    "node_modules/@webgpu/types": {
      "dev": true,
      "integrity": "sha512-84kRIAGV46LJTlJZWxShiOrNL30A+9KokD7RB3dRCIqODFjodS5tCD5yyiZ8kIReGVZSDfA3XkkwyyOIF6K62A==",
      "license": "BSD-3-Clause",
      "resolved": "https://registry.npmjs.org/@webgpu/types/-/types-0.1.64.tgz",
      "version": "0.1.64"
    },
    "node_modules/abbrev": {
      "dev": true,
      "integrity": "sha512-nne9/IiQ/hzIhY6pdDnbBtz7DjPTKrY00P/zvPSm5pOFkl6xuGrGnXn/VtTNNfNtAfZ9/1RtehkszU9qcTii0Q==",
      "resolved": "https://registry.npmjs.org/abbrev/-/abbrev-1.1.1.tgz",
      "version": "1.1.1"
    },
    "node_modules/anymatch": {
      "dependencies": {
        "normalize-path": "^3.0.0",
        "picomatch": "^2.0.4"
      },
      "dev": true,
      "engines": {
        "node": ">= 8"
      },
      "integrity": "sha512-P43ePfOAIupkguHUycrc4qJ9kz8ZiuOUijaETwX7THt0Y/GNK7v0aa8rY816xWjZ7rJdA5XdMcpVFTKMq+RvWg==",
      "resolved": "https://registry.npmjs.org/anymatch/-/anymatch-3.1.2.tgz",
      "version": "3.1.2"
    },
    "node_modules/balanced-match": {
      "dev": true,
      "integrity": "sha512-3oSeUO0TMV67hN1AmbXsK4yaqU7tjiHlbxRDZOpH0KW9+CeX4bRAaX0Anxt0tx2MrpRpWwQaPwIlISEJhYU5Pw==",
      "resolved": "https://registry.npmjs.org/balanced-match/-/balanced-match-1.0.2.tgz",
      "version": "1.0.2"
    },
    "node_modules/binary-extensions": {
      "dev": true,
      "engines": {
        "node": ">=8"
      },
      "integrity": "sha512-jDctJ/IVQbZoJykoeHbhXpOlNBqGNcwXJKJog42E5HDPUwQTSdjCHdihjj0DlnheQ7blbT6dHOafNAiS8ooQKA==",
      "resolved": "https://registry.npmjs.org/binary-extensions/-/binary-extensions-2.2.0.tgz",
      "version": "2.2.0"
    },
    "node_modules/brace-expansion": {
      "dependencies": {
        "balanced-match": "^1.0.0",
        "concat-map": "0.0.1"
      },
      "dev": true,
      "integrity": "sha512-9T9UjW3r0UW5c1Q7GTwllptXwhvYmEzFhzMfZ9H7FQWt+uZePjZPjBP/W1ZEyZ1twGWom5/56TF4lPcqjnDHcg==",
      "license": "MIT",
      "resolved": "https://registry.npmjs.org/brace-expansion/-/brace-expansion-1.1.12.tgz",
      "version": "1.1.12"
    },
    "node_modules/braces": {
      "dependencies": {
        "fill-range": "^7.1.1"
      },
      "dev": true,
      "engines": {
        "node": ">=8"
      },
      "integrity": "sha512-yQbXgO/OSZVD2IsiLlro+7Hf6Q18EJrKSEsdoMzKePKXct3gvD8oLcOQdIzGupr5Fj+EDe8gO/lxc1BzfMpxvA==",
      "license": "MIT",
      "resolved": "https://registry.npmjs.org/braces/-/braces-3.0.3.tgz",
      "version": "3.0.3"
    },
    "node_modules/chokidar": {
      "dependencies": {
        "anymatch": "~3.1.2",
        "braces": "~3.0.2",
        "glob-parent": "~5.1.2",
        "is-binary-path": "~2.1.0",
        "is-glob": "~4.0.1",
        "normalize-path": "~3.0.0",
        "readdirp": "~3.6.0"
      },
      "dev": true,
      "engines": {
        "node": ">= 8.10.0"
      },
      "funding": [
        {
          "type": "individual",
          "url": "https://paulmillr.com/funding/"
        }
      ],
      "integrity": "sha512-Dr3sfKRP6oTcjf2JmUmFJfeVMvXBdegxB0iVQ5eb2V10uFJUCAS8OByZdVAyVb8xXNz3GjjTgj9kLWsZTqE6kw==",
      "optionalDependencies": {
        "fsevents": "~2.3.2"
      },
      "resolved": "https://registry.npmjs.org/chokidar/-/chokidar-3.5.3.tgz",
      "version": "3.5.3"
    },
    "node_modules/concat-map": {
      "dev": true,
      "integrity": "sha512-/Srv4dswyQNBfohGpz9o6Yb3Gz3SrUDqBH5rTuhGR7ahtlbYKnVxw2bCFMRljaA7EXHaXZ8wsHdodFvbkhKmqg==",
      "resolved": "https://registry.npmjs.org/concat-map/-/concat-map-0.0.1.tgz",
      "version": "0.0.1"
    },
    "node_modules/debug": {
      "dependencies": {
        "ms": "^2.1.3"
      },
      "dev": true,
      "engines": {
        "node": ">=6.0"
      },
      "integrity": "sha512-KcKCqiftBJcZr++7ykoDIEwSa3XWowTfNPo92BYxjXiyYEVrUQh2aLyhxBCwww+heortUFxEJYcRzosstTEBYQ==",
      "license": "MIT",
      "peerDependenciesMeta": {
        "supports-color": {
          "optional": true
        }
      },
      "resolved": "https://registry.npmjs.org/debug/-/debug-4.4.1.tgz",
      "version": "4.4.1"
    },
    "node_modules/fflate": {
      "dev": true,
      "integrity": "sha512-cPJU47OaAoCbg0pBvzsgpTPhmhqI5eJjh/JIu8tPj5q+T7iLvW/JAYUqmE7KOB4R1ZyEhzBaIQpQpardBF5z8A==",
      "license": "MIT",
      "resolved": "https://registry.npmjs.org/fflate/-/fflate-0.8.2.tgz",
      "version": "0.8.2"
    },
    "node_modules/fill-range": {
      "dependencies": {
        "to-regex-range": "^5.0.1"
      },
      "dev": true,
      "engines": {
        "node": ">=8"
      },
      "integrity": "sha512-YsGpe3WHLK8ZYi4tWDg2Jy3ebRz2rXowDxnld4bkQB00cc/1Zw9AWnC0i9ztDJitivtQvaI9KaLyKrc+hBW0yg==",
      "license": "MIT",
      "resolved": "https://registry.npmjs.org/fill-range/-/fill-range-7.1.1.tgz",
      "version": "7.1.1"
    },
    "node_modules/fsevents": {
      "dev": true,
      "engines": {
        "node": "^8.16.0 || ^10.6.0 || >=11.0.0"
      },
      "hasInstallScript": true,
      "integrity": "sha512-xiqMQR4xAeHTuB9uWm+fFRcIOgKBMiOBP+eXiyT7jsgVCq1bkVygt00oASowB7EdtpOHaaPgKt812P9ab+DDKA==",
      "optional": true,
      "os": [
        "darwin"
      ],
      "resolved": "https://registry.npmjs.org/fsevents/-/fsevents-2.3.2.tgz",
      "version": "2.3.2"
    },
    "node_modules/glob-parent": {
      "dependencies": {
        "is-glob": "^4.0.1"
      },
      "dev": true,
      "engines": {
        "node": ">= 6"
      },
      "integrity": "sha512-AOIgSQCepiJYwP3ARnGx+5VnTu2HBYdzbGP45eLw1vr3zB3vZLeyed1sC9hnbcOc9/SrMyM5RPQrkGz4aS9Zow==",
      "resolved": "https://registry.npmjs.org/glob-parent/-/glob-parent-5.1.2.tgz",
      "version": "5.1.2"
    },
    "node_modules/has-flag": {
      "dev": true,
      "engines": {
        "node": ">=4"
      },
      "integrity": "sha512-sKJf1+ceQBr4SMkvQnBDNDtf4TXpVhVGateu0t918bl30FnbE2m4vNLX+VWe/dpjlb+HugGYzW7uQXH98HPEYw==",
      "resolved": "https://registry.npmjs.org/has-flag/-/has-flag-3.0.0.tgz",
      "version": "3.0.0"
    },
    "node_modules/ignore-by-default": {
      "dev": true,
      "integrity": "sha512-Ius2VYcGNk7T90CppJqcIkS5ooHUZyIQK+ClZfMfMNFEF9VSE73Fq+906u/CWu92x4gzZMWOwfFYckPObzdEbA==",
      "resolved": "https://registry.npmjs.org/ignore-by-default/-/ignore-by-default-1.0.1.tgz",
      "version": "1.0.1"
    },
    "node_modules/is-binary-path": {
      "dependencies": {
        "binary-extensions": "^2.0.0"
      },
      "dev": true,
      "engines": {
        "node": ">=8"
      },
      "integrity": "sha512-ZMERYes6pDydyuGidse7OsHxtbI7WVeUEozgR/g7rd0xUimYNlvZRE/K2MgZTjWy725IfelLeVcEM97mmtRGXw==",
      "resolved": "https://registry.npmjs.org/is-binary-path/-/is-binary-path-2.1.0.tgz",
      "version": "2.1.0"
    },
    "node_modules/is-extglob": {
      "dev": true,
      "engines": {
        "node": ">=0.10.0"
      },
      "integrity": "sha512-SbKbANkN603Vi4jEZv49LeVJMn4yGwsbzZworEoyEiutsN3nJYdbO36zfhGJ6QEDpOZIFkDtnq5JRxmvl3jsoQ==",
      "resolved": "https://registry.npmjs.org/is-extglob/-/is-extglob-2.1.1.tgz",
      "version": "2.1.1"
    },
    "node_modules/is-glob": {
      "dependencies": {
        "is-extglob": "^2.1.1"
      },
      "dev": true,
      "engines": {
        "node": ">=0.10.0"
      },
      "integrity": "sha512-xelSayHH36ZgE7ZWhli7pW34hNbNl8Ojv5KVmkJD4hBdD3th8Tfk9vYasLM+mXWOZhFkgZfxhLSnrwRr4elSSg==",
      "resolved": "https://registry.npmjs.org/is-glob/-/is-glob-4.0.3.tgz",
      "version": "4.0.3"
    },
    "node_modules/is-number": {
      "dev": true,
      "engines": {
        "node": ">=0.12.0"
      },
      "integrity": "sha512-41Cifkg6e8TylSpdtTpeLVMqvSBEVzTttHvERD741+pnZ8ANv0004MRL43QKPDlK9cGvNp6NZWZUBlbGXYxxng==",
      "license": "MIT",
      "resolved": "https://registry.npmjs.org/is-number/-/is-number-7.0.0.tgz",
      "version": "7.0.0"
    },
    "node_modules/meshoptimizer": {
      "dev": true,
      "integrity": "sha512-IebiK79sqIy+E4EgOr+CAw+Ke8hAspXKzBd0JdgEmPHiAwmvEj2S4h1rfvo+o/BnfEYd/jAOg5IeeIjzlzSnDg==",
      "license": "MIT",
      "resolved": "https://registry.npmjs.org/meshoptimizer/-/meshoptimizer-0.22.0.tgz",
      "version": "0.22.0"
    },
    "node_modules/minimatch": {
      "dependencies": {
        "brace-expansion": "^1.1.7"
      },
      "dev": true,
      "engines": {
        "node": "*"
      },
      "integrity": "sha512-J7p63hRiAjw1NDEww1W7i37+ByIrOWO5XQQAzZ3VOcL0PNybwpfmV/N05zFAzwQ9USyEcX6t3UO+K5aqBQOIHw==",
      "resolved": "https://registry.npmjs.org/minimatch/-/minimatch-3.1.2.tgz",
      "version": "3.1.2"
    },
    "node_modules/ms": {
      "dev": true,
      "integrity": "sha512-6FlzubTLZG3J2a/NVCAleEhjzq5oxgHyaCU9yYXvcLsvoVaHJq/s5xXI6/XXP6tz7R9xAOtHnSO/tXtF3WRTlA==",
      "license": "MIT",
      "resolved": "https://registry.npmjs.org/ms/-/ms-2.1.3.tgz",
      "version": "2.1.3"
    },
    "node_modules/nodemon": {
      "bin": {
        "nodemon": "bin/nodemon.js"
      },
      "dependencies": {
        "chokidar": "^3.5.2",
        "debug": "^4",
        "ignore-by-default": "^1.0.1",
        "minimatch": "^3.1.2",
        "pstree.remy": "^1.1.8",
        "semver": "^7.5.3",
        "simple-update-notifier": "^2.0.0",
        "supports-color": "^5.5.0",
        "touch": "^3.1.0",
        "undefsafe": "^2.0.5"
      },
      "dev": true,
      "engines": {
        "node": ">=10"
      },
      "funding": {
        "type": "opencollective",
        "url": "https://opencollective.com/nodemon"
      },
      "integrity": "sha512-WDjw3pJ0/0jMFmyNDp3gvY2YizjLmmOUQo6DEBY+JgdvW/yQ9mEeSw6H5ythl5Ny2ytb7f9C2nIbjSxMNzbJXw==",
      "license": "MIT",
      "resolved": "https://registry.npmjs.org/nodemon/-/nodemon-3.1.10.tgz",
      "version": "3.1.10"
    },
    "node_modules/nopt": {
      "bin": {
        "nopt": "bin/nopt.js"
      },
      "dependencies": {
        "abbrev": "1"
      },
      "dev": true,
      "engines": {
        "node": "*"
      },
      "integrity": "sha512-NWmpvLSqUrgrAC9HCuxEvb+PSloHpqVu+FqcO4eeF2h5qYRhA7ev6KvelyQAKtegUbC6RypJnlEOhd8vloNKYg==",
      "resolved": "https://registry.npmjs.org/nopt/-/nopt-1.0.10.tgz",
      "version": "1.0.10"
    },
    "node_modules/normalize-path": {
      "dev": true,
      "engines": {
        "node": ">=0.10.0"
      },
      "integrity": "sha512-6eZs5Ls3WtCisHWp9S2GUy8dqkpGi4BVSz3GaqiE6ezub0512ESztXUwUB6C6IKbQkY2Pnb/mD4WYojCRwcwLA==",
      "resolved": "https://registry.npmjs.org/normalize-path/-/normalize-path-3.0.0.tgz",
      "version": "3.0.0"
    },
    "node_modules/picomatch": {
      "dev": true,
      "engines": {
        "node": ">=8.6"
      },
      "funding": {
        "url": "https://github.com/sponsors/jonschlinkert"
      },
      "integrity": "sha512-JU3teHTNjmE2VCGFzuY8EXzCDVwEqB2a8fsIvwaStHhAWJEeVd1o1QD80CU6+ZdEXXSLbSsuLwJjkCBWqRQUVA==",
      "resolved": "https://registry.npmjs.org/picomatch/-/picomatch-2.3.1.tgz",
      "version": "2.3.1"
    },
    "node_modules/pstree.remy": {
      "dev": true,
      "integrity": "sha512-77DZwxQmxKnu3aR542U+X8FypNzbfJ+C5XQDk3uWjWxn6151aIMGthWYRXTqT1E5oJvg+ljaa2OJi+VfvCOQ8w==",
      "resolved": "https://registry.npmjs.org/pstree.remy/-/pstree.remy-1.1.8.tgz",
      "version": "1.1.8"
    },
    "node_modules/readdirp": {
      "dependencies": {
        "picomatch": "^2.2.1"
      },
      "dev": true,
      "engines": {
        "node": ">=8.10.0"
      },
      "integrity": "sha512-hOS089on8RduqdbhvQ5Z37A0ESjsqz6qnRcffsMU3495FuTdqSm+7bhJ29JvIOsBDEEnan5DPu9t3To9VRlMzA==",
      "resolved": "https://registry.npmjs.org/readdirp/-/readdirp-3.6.0.tgz",
      "version": "3.6.0"
    },
    "node_modules/semver": {
      "bin": {
        "semver": "bin/semver.js"
      },
      "dev": true,
      "engines": {
        "node": ">=10"
      },
      "integrity": "sha512-RF0Fw+rO5AMf9MAyaRXI4AV0Ulj5lMHqVxxdSgiVbixSCXoEmmX/jk0CuJw4+3SqroYO9VoUh+HcuJivvtJemA==",
      "license": "ISC",
      "resolved": "https://registry.npmjs.org/semver/-/semver-7.7.2.tgz",
      "version": "7.7.2"
    },
    "node_modules/simple-update-notifier": {
      "dependencies": {
        "semver": "^7.5.3"
      },
      "dev": true,
      "engines": {
        "node": ">=10"
      },
      "integrity": "sha512-a2B9Y0KlNXl9u/vsW6sTIu9vGEpfKu2wRV6l1H3XEas/0gUIzGzBoP/IouTcUQbm9JWZLH3COxyn03TYlFax6w==",
      "license": "MIT",
      "resolved": "https://registry.npmjs.org/simple-update-notifier/-/simple-update-notifier-2.0.0.tgz",
      "version": "2.0.0"
    },
    "node_modules/supports-color": {
      "dependencies": {
        "has-flag": "^3.0.0"
      },
      "dev": true,
      "engines": {
        "node": ">=4"
      },
      "integrity": "sha512-QjVjwdXIt408MIiAqCX4oUKsgU2EqAGzs2Ppkm4aQYbjm+ZEWEcW4SfFNTr4uMNZma0ey4f5lgLrkB0aX0QMow==",
      "resolved": "https://registry.npmjs.org/supports-color/-/supports-color-5.5.0.tgz",
      "version": "5.5.0"
    },
    "node_modules/three": {
      "integrity": "sha512-R8AXPuqfjfRJKkYoTQcTK7A6i3AdO9++2n8ubya/GTU+fEHhYKu1ZooRSCPkx69jbnzT7dD/xEo6eROQTt2lJw==",
      "resolved": "https://registry.npmjs.org/three/-/three-0.144.0.tgz",
      "version": "0.144.0"
    },
    "node_modules/to-regex-range": {
      "dependencies": {
        "is-number": "^7.0.0"
      },
      "dev": true,
      "engines": {
        "node": ">=8.0"
      },
      "integrity": "sha512-65P7iz6X5yEr1cwcgvQxbbIw7Uk3gOy5dIdtZ4rDveLqhrdJP+Li/Hx6tyK0NEb+2GCyneCMJiGqrADCSNk8sQ==",
      "license": "MIT",
      "resolved": "https://registry.npmjs.org/to-regex-range/-/to-regex-range-5.0.1.tgz",
      "version": "5.0.1"
    },
    "node_modules/touch": {
      "bin": {
        "nodetouch": "bin/nodetouch.js"
      },
      "dependencies": {
        "nopt": "~1.0.10"
      },
      "dev": true,
      "integrity": "sha512-WBx8Uy5TLtOSRtIq+M03/sKDrXCLHxwDcquSP2c43Le03/9serjQBIztjRz6FkJez9D/hleyAXTBGLwwZUw9lA==",
      "resolved": "https://registry.npmjs.org/touch/-/touch-3.1.0.tgz",
      "version": "3.1.0"
    },
    "node_modules/typescript": {
      "bin": {
        "tsc": "bin/tsc",
        "tsserver": "bin/tsserver"
      },
      "dev": true,
      "engines": {
        "node": ">=14.17"
      },
      "integrity": "sha512-CWBzXQrc/qOkhidw1OzBTQuYRbfyxDXJMVJ1XNwUHGROVmuaeiEm3OslpZ1RV96d7SKKjZKrSJu3+t/xlw3R9A==",
      "license": "Apache-2.0",
      "resolved": "https://registry.npmjs.org/typescript/-/typescript-5.9.2.tgz",
      "version": "5.9.2"
    },
    "node_modules/undefsafe": {
      "dev": true,
      "integrity": "sha512-WxONCrssBM8TSPRqN5EmsjVrsv4A8X12J4ArBiiayv3DyyG3ZlIg6yysuuSYdZsVz3TKcTg2fd//Ujd4CHV1iA==",
      "resolved": "https://registry.npmjs.org/undefsafe/-/undefsafe-2.0.5.tgz",
      "version": "2.0.5"
    },
    "node_modules/undici-types": {
      "dev": true,
      "integrity": "sha512-t5Fy/nfn+14LuOc2KNYg75vZqClpAiqscVvMygNnlsHBFpSXdJaYtXMcdNLpl/Qvc3P2cB3s6lOV51nqsFq4ag==",
      "license": "MIT",
      "resolved": "https://registry.npmjs.org/undici-types/-/undici-types-7.10.0.tgz",
      "version": "7.10.0"
    }
  },
  "requires": true,
  "version": "1.0.0"
}
