{
  "dependencies": {
    "@types/jquery": {
      "dev": true,
      "integrity": "sha512-X1gtMRMbziVQkErhTQmSe2jFwwENA/Zr+PprCkF63vFq+Yt5PZ4AlKqgmeNlwgn7dhsXEK888eIW2520EpC+xg==",
      "requires": {
        "@types/sizzle": "*"
      },
      "resolved": "https://registry.npmjs.org/@types/jquery/-/jquery-3.5.14.tgz",
      "version": "3.5.14"
    },
    "@types/sizzle": {
      "dev": true,
      "integrity": "sha512-JYM8x9EGF163bEyhdJBpR2QX1R5naCJHC8ucJylJ3w9/CVBaskdQ8WqBf8MmQrd1kRvp/a4TS8HJ+bxzR7ZJYQ==",
      "resolved": "https://registry.npmjs.org/@types/sizzle/-/sizzle-2.3.3.tgz",
      "version": "2.3.3"
    },
    "lodash": {
      "integrity": "sha512-v2kDEe57lecTulaDIuNTPy3Ry4gLGJ6Z1O3vE1krgXZNrsQ+LFTGHVxVjcXPs17LhbZVGedAJv8XZ1tvj5FvSg==",
      "resolved": "https://registry.npmjs.org/lodash/-/lodash-4.17.21.tgz",
      "version": "4.17.21"
    },
    "three": {
      "integrity": "sha512-R8AXPuqfjfRJKkYoTQcTK7A6i3AdO9++2n8ubya/GTU+fEHhYKu1ZooRSCPkx69jbnzT7dD/xEo6eROQTt2lJw==",
      "resolved": "https://registry.npmjs.org/three/-/three-0.144.0.tgz",
      "version": "0.144.0"
    }
  },
  "lockfileVersion": 2,
  "name": "md.js",
  "packages": {
    "": {
      "dependencies": {
        "lodash": "^4.17.21",
        "three": "^0.144.0"
      },
      "devDependencies": {
        "@types/jquery": "^3.5.14"
      }
    },
    "node_modules/@types/jquery": {
      "dependencies": {
        "@types/sizzle": "*"
      },
      "dev": true,
      "integrity": "sha512-X1gtMRMbziVQkErhTQmSe2jFwwENA/Zr+PprCkF63vFq+Yt5PZ4AlKqgmeNlwgn7dhsXEK888eIW2520EpC+xg==",
      "resolved": "https://registry.npmjs.org/@types/jquery/-/jquery-3.5.14.tgz",
      "version": "3.5.14"
    },
    "node_modules/@types/sizzle": {
      "dev": true,
      "integrity": "sha512-JYM8x9EGF163bEyhdJBpR2QX1R5naCJHC8ucJylJ3w9/CVBaskdQ8WqBf8MmQrd1kRvp/a4TS8HJ+bxzR7ZJYQ==",
      "resolved": "https://registry.npmjs.org/@types/sizzle/-/sizzle-2.3.3.tgz",
      "version": "2.3.3"
    },
    "node_modules/lodash": {
      "integrity": "sha512-v2kDEe57lecTulaDIuNTPy3Ry4gLGJ6Z1O3vE1krgXZNrsQ+LFTGHVxVjcXPs17LhbZVGedAJv8XZ1tvj5FvSg==",
      "resolved": "https://registry.npmjs.org/lodash/-/lodash-4.17.21.tgz",
      "version": "4.17.21"
    },
    "node_modules/three": {
      "integrity": "sha512-R8AXPuqfjfRJKkYoTQcTK7A6i3AdO9++2n8ubya/GTU+fEHhYKu1ZooRSCPkx69jbnzT7dD/xEo6eROQTt2lJw==",
      "resolved": "https://registry.npmjs.org/three/-/three-0.144.0.tgz",
      "version": "0.144.0"
    }
  },
  "requires": true
}
